
Microsoft Visual Studio Solution File, Format Version 12.00
# Visual Studio 15
VisualStudioVersion = 15.0.28010.2046
MinimumVisualStudioVersion = 10.0.40219.1
Project("{FAE04EC0-301F-11D3-BF4B-00C04F79EFBC}") = "CrawlerApi", "CrawlerApi\CrawlerApi.csproj", "{C7E03D5B-CF76-44E8-9BC0-AA776A5851DB}"
EndProject
Global
	GlobalSection(SolutionConfigurationPlatforms) = preSolution
		Debug|Any CPU = Debug|Any CPU
		Release|Any CPU = Release|Any CPU
	EndGlobalSection
	GlobalSection(ProjectConfigurationPlatforms) = postSolution
		{C7E03D5B-CF76-44E8-9BC0-AA776A5851DB}.Debug|Any CPU.ActiveCfg = Debug|Any CPU
		{C7E03D5B-CF76-44E8-9BC0-AA776A5851DB}.Debug|Any CPU.Build.0 = Debug|Any CPU
		{C7E03D5B-CF76-44E8-9BC0-AA776A5851DB}.Release|Any CPU.ActiveCfg = Release|Any CPU
		{C7E03D5B-CF76-44E8-9BC0-AA776A5851DB}.Release|Any CPU.Build.0 = Release|Any CPU
	EndGlobalSection
	GlobalSection(SolutionProperties) = preSolution
		HideSolutionNode = FALSE
	EndGlobalSection
	GlobalSection(ExtensibilityGlobals) = postSolution
		SolutionGuid = {4B6E3988-510D-4A6F-A777-99540DA79673}
	EndGlobalSection
EndGlobal
